{
  "nodes": {
    "nixpkgs": {
      "locked": {
        "lastModified": 1766070988,
        "narHash": "sha256-G/WVghka6c4bAzMhTwT2vjLccg/awmHkdKSd2JrycLc=",
        "owner": "nixos",
        "repo": "nixpkgs",
        "rev": "c6245e83d836d0433170a16eb185cefe0572f8b8",
        "type": "github"
      },
      "original": {
        "owner": "nixos",
        "ref": "nixos-unstable",
        "repo": "nixpkgs",
        "type": "github"
      }
    },
    "root": {
      "inputs": {
        "nixpkgs": "nixpkgs",
        "rtl8852cu-src": "rtl8852cu-src"
      }
    },
    "rtl8852cu-src": {
      "flake": false,
      "locked": {
        "lastModified": 1759464591,
        "narHash": "sha256-yp5e2ijkqKji+dJ+XPMJJPhkjh5NYUiFEncQc4HdNEA=",
        "owner": "morrownr",
        "repo": "rtl8852cu-20240510",
        "rev": "c01bd409ddce75822cd9127ac1a97ba4fd31a9d8",
        "type": "github"
      },
      "original": {
        "owner": "morrownr",
        "repo": "rtl8852cu-20240510",
        "type": "github"
      }
    }
  },
  "root": "root",
  "version": 7
}
